// !$*UTF8*$!
{
	archiveVersion = 1;
	classes = {
	};
	objectVersion = 55;
	objects = {

/* Begin PBXBuildFile section */
		8612CD6227E1956D00976E8F /* Array Extensions.swift in Sources */ = {isa = PBXBuildFile; fileRef = 8612CD6127E1956D00976E8F /* Array Extensions.swift */; };
		8612CD6627E1A58300976E8F /* VehicleImageView.swift in Sources */ = {isa = PBXBuildFile; fileRef = 8612CD6527E1A58300976E8F /* VehicleImageView.swift */; };
		8612CD6927E1A68B00976E8F /* ImagePickerView in Frameworks */ = {isa = PBXBuildFile; productRef = 8612CD6827E1A68B00976E8F /* ImagePickerView */; };
		8612CD6B27E1C77D00976E8F /* WithDoneButton.swift in Sources */ = {isa = PBXBuildFile; fileRef = 8612CD6A27E1C77D00976E8F /* WithDoneButton.swift */; };
		8612CD6D27E1CF4400976E8F /* UIImage Extensions.swift in Sources */ = {isa = PBXBuildFile; fileRef = 8612CD6C27E1CF4400976E8F /* UIImage Extensions.swift */; };
		8612CD6F27E2DEF200976E8F /* SaveOnLeave.swift in Sources */ = {isa = PBXBuildFile; fileRef = 8612CD6E27E2DEF200976E8F /* SaveOnLeave.swift */; };
		861BA8FF27D8546800DD729A /* LineItemView.swift in Sources */ = {isa = PBXBuildFile; fileRef = 861BA8FE27D8546700DD729A /* LineItemView.swift */; };
		861DA48727E11DFF00775276 /* ExportContext.swift in Sources */ = {isa = PBXBuildFile; fileRef = 861DA48627E11DFF00775276 /* ExportContext.swift */; };
		861DA48927E11E3600775276 /* ExportableShop.swift in Sources */ = {isa = PBXBuildFile; fileRef = 861DA48827E11E3600775276 /* ExportableShop.swift */; };
		861DA48B27E11E3E00775276 /* ExportableExportContext.swift in Sources */ = {isa = PBXBuildFile; fileRef = 861DA48A27E11E3E00775276 /* ExportableExportContext.swift */; };
		861DA48D27E11F8100775276 /* ExportableTireSet.swift in Sources */ = {isa = PBXBuildFile; fileRef = 861DA48C27E11F8100775276 /* ExportableTireSet.swift */; };
		861DA48F27E1233200775276 /* Date Functions.swift in Sources */ = {isa = PBXBuildFile; fileRef = 861DA48E27E1233200775276 /* Date Functions.swift */; };
		861DAE3327CDD59F00AFE972 /* Fleetbox.xcdatamodeld in Sources */ = {isa = PBXBuildFile; fileRef = 861DAE0827CDD59D00AFE972 /* Fleetbox.xcdatamodeld */; };
		861DAE3527CDD59F00AFE972 /* FleetboxApp.swift in Sources */ = {isa = PBXBuildFile; fileRef = 861DAE0A27CDD59D00AFE972 /* FleetboxApp.swift */; };
		861DAE3727CDD59F00AFE972 /* VehiclesView.swift in Sources */ = {isa = PBXBuildFile; fileRef = 861DAE0B27CDD59D00AFE972 /* VehiclesView.swift */; };
		861DAE3927CDD59F00AFE972 /* Persistence.swift in Sources */ = {isa = PBXBuildFile; fileRef = 861DAE0C27CDD59D00AFE972 /* Persistence.swift */; };
		861DAE3B27CDD59F00AFE972 /* Assets.xcassets in Resources */ = {isa = PBXBuildFile; fileRef = 861DAE0D27CDD59F00AFE972 /* Assets.xcassets */; };
		861DAE4E27CDDAD700AFE972 /* Sentry in Frameworks */ = {isa = PBXBuildFile; productRef = 861DAE4D27CDDAD700AFE972 /* Sentry */; };
		861E4D9C27DC13D00072B6DD /* LineItemTypeLabelView.swift in Sources */ = {isa = PBXBuildFile; fileRef = 861E4D9B27DC13CF0072B6DD /* LineItemTypeLabelView.swift */; };
		864C731B27CDF54E00047165 /* Vehicle.swift in Sources */ = {isa = PBXBuildFile; fileRef = 864C731A27CDF54E00047165 /* Vehicle.swift */; };
		864C731E27CDFA0A00047165 /* VehicleSpotlightDelegate.swift in Sources */ = {isa = PBXBuildFile; fileRef = 864C731D27CDFA0A00047165 /* VehicleSpotlightDelegate.swift */; };
		864C732127D06A7F00047165 /* LogItem.swift in Sources */ = {isa = PBXBuildFile; fileRef = 864C732027D06A7F00047165 /* LogItem.swift */; };
		864C732427D06B8C00047165 /* Shop.swift in Sources */ = {isa = PBXBuildFile; fileRef = 864C732327D06B8C00047165 /* Shop.swift */; };
		864C732727D06C6800047165 /* LineItem.swift in Sources */ = {isa = PBXBuildFile; fileRef = 864C732627D06C6800047165 /* LineItem.swift */; };
		86500C7027DAD84F00A5111E /* FleetboxTextField.swift in Sources */ = {isa = PBXBuildFile; fileRef = 86500C6F27DAD84F00A5111E /* FleetboxTextField.swift */; };
		86500C7227DBED3D00A5111E /* LineItemTypePickerView.swift in Sources */ = {isa = PBXBuildFile; fileRef = 86500C7127DBED3D00A5111E /* LineItemTypePickerView.swift */; };
		86500C7427DBEDC500A5111E /* TireSetPickerView.swift in Sources */ = {isa = PBXBuildFile; fileRef = 86500C7327DBEDC500A5111E /* TireSetPickerView.swift */; };
		86500C7627DBF22D00A5111E /* ShopPickerView.swift in Sources */ = {isa = PBXBuildFile; fileRef = 86500C7527DBF22D00A5111E /* ShopPickerView.swift */; };
		86500C7827DC00DF00A5111E /* OdometerReadingsView.swift in Sources */ = {isa = PBXBuildFile; fileRef = 86500C7727DC00DF00A5111E /* OdometerReadingsView.swift */; };
		86500C8927DC0D6E00A5111E /* VehicleDetailsView.swift in Sources */ = {isa = PBXBuildFile; fileRef = 86500C8827DC0D6E00A5111E /* VehicleDetailsView.swift */; };
		86500C8B27DC0D8600A5111E /* VINDetailView.swift in Sources */ = {isa = PBXBuildFile; fileRef = 86500C8A27DC0D8600A5111E /* VINDetailView.swift */; };
		86500C8D27DC0DBC00A5111E /* PartOdometersView.swift in Sources */ = {isa = PBXBuildFile; fileRef = 86500C8C27DC0DBC00A5111E /* PartOdometersView.swift */; };
		86500C8F27DC0DE900A5111E /* PartOdometer.swift in Sources */ = {isa = PBXBuildFile; fileRef = 86500C8E27DC0DE900A5111E /* PartOdometer.swift */; };
		86500C9127DC0DFE00A5111E /* PartOdometerRowView.swift in Sources */ = {isa = PBXBuildFile; fileRef = 86500C9027DC0DFE00A5111E /* PartOdometerRowView.swift */; };
		86500C9327DC0E3200A5111E /* PartOdometerIndividualView.swift in Sources */ = {isa = PBXBuildFile; fileRef = 86500C9227DC0E3200A5111E /* PartOdometerIndividualView.swift */; };
		86500C9527DC0E4700A5111E /* PartOdometerFluidFilterView.swift in Sources */ = {isa = PBXBuildFile; fileRef = 86500C9427DC0E4700A5111E /* PartOdometerFluidFilterView.swift */; };
		86500C9727DC0E5B00A5111E /* OdometerReadingFormView.swift in Sources */ = {isa = PBXBuildFile; fileRef = 86500C9627DC0E5B00A5111E /* OdometerReadingFormView.swift */; };
		86500C9C27DC111800A5111E /* TireDetailView.swift in Sources */ = {isa = PBXBuildFile; fileRef = 86500C9B27DC111800A5111E /* TireDetailView.swift */; };
		86500C9E27DC125200A5111E /* EditTireSetLineItemFieldView.swift in Sources */ = {isa = PBXBuildFile; fileRef = 86500C9D27DC125200A5111E /* EditTireSetLineItemFieldView.swift */; };
		86500CA027DC134C00A5111E /* MaintenanceLogView.swift in Sources */ = {isa = PBXBuildFile; fileRef = 86500C9F27DC134C00A5111E /* MaintenanceLogView.swift */; };
		8652AA7727DAB5F300D8D56D /* Dummy Data.swift in Sources */ = {isa = PBXBuildFile; fileRef = 8652AA7627DAB5F300D8D56D /* Dummy Data.swift */; };
		865D028527D9F1B3006C815D /* Error Handling.swift in Sources */ = {isa = PBXBuildFile; fileRef = 865D028427D9F1B3006C815D /* Error Handling.swift */; };
		865D028827D9F622006C815D /* LineItemTypes.yml in Resources */ = {isa = PBXBuildFile; fileRef = 86B17F8827D45E0D001E52C6 /* LineItemTypes.yml */; };
		865D029027D9F9A2006C815D /* BaseUITests.swift in Sources */ = {isa = PBXBuildFile; fileRef = 865D028F27D9F9A2006C815D /* BaseUITests.swift */; };
		865D029227D9F9A2006C815D /* UILaunchTests.swift in Sources */ = {isa = PBXBuildFile; fileRef = 865D029127D9F9A2006C815D /* UILaunchTests.swift */; };
		86638D2327D970F400149689 /* LogItemLabelView.swift in Sources */ = {isa = PBXBuildFile; fileRef = 86638D2227D970F300149689 /* LogItemLabelView.swift */; };
		86638D2627D9721500149689 /* LineItemLabelView.swift in Sources */ = {isa = PBXBuildFile; fileRef = 86638D2527D9721500149689 /* LineItemLabelView.swift */; };
		86638D3827D994B200149689 /* TireSet.swift in Sources */ = {isa = PBXBuildFile; fileRef = 86638D3727D994B200149689 /* TireSet.swift */; };
		8664C23D27DA906A00AE9ADB /* TireSetView.swift in Sources */ = {isa = PBXBuildFile; fileRef = 8664C23C27DA906A00AE9ADB /* TireSetView.swift */; };
		8664C23F27DA907A00AE9ADB /* TireSetsView.swift in Sources */ = {isa = PBXBuildFile; fileRef = 8664C23E27DA907A00AE9ADB /* TireSetsView.swift */; };
		8664C24127DA91BB00AE9ADB /* ShopsView.swift in Sources */ = {isa = PBXBuildFile; fileRef = 8664C24027DA91BB00AE9ADB /* ShopsView.swift */; };
		8664C24327DA91C200AE9ADB /* ShopView.swift in Sources */ = {isa = PBXBuildFile; fileRef = 8664C24227DA91C200AE9ADB /* ShopView.swift */; };
		8664C24527DA91E100AE9ADB /* PreviewWrapper.swift in Sources */ = {isa = PBXBuildFile; fileRef = 8664C24427DA91E100AE9ADB /* PreviewWrapper.swift */; };
		8664C24727DA987900AE9ADB /* Custom Bindings.swift in Sources */ = {isa = PBXBuildFile; fileRef = 8664C24627DA987800AE9ADB /* Custom Bindings.swift */; };
		8664C24A27DAAA2600AE9ADB /* ExportableVehicle.swift in Sources */ = {isa = PBXBuildFile; fileRef = 8664C24927DAAA2600AE9ADB /* ExportableVehicle.swift */; };
		8664C24C27DAAA7900AE9ADB /* ExportableLogItem.swift in Sources */ = {isa = PBXBuildFile; fileRef = 8664C24B27DAAA7900AE9ADB /* ExportableLogItem.swift */; };
		8664C24E27DAAA8200AE9ADB /* ExportableOdometerReading.swift in Sources */ = {isa = PBXBuildFile; fileRef = 8664C24D27DAAA8200AE9ADB /* ExportableOdometerReading.swift */; };
		8664C25027DAAB7800AE9ADB /* ExportableLineItem.swift in Sources */ = {isa = PBXBuildFile; fileRef = 8664C24F27DAAB7800AE9ADB /* ExportableLineItem.swift */; };
		8664C25227DAABE300AE9ADB /* ExportableLineItemField.swift in Sources */ = {isa = PBXBuildFile; fileRef = 8664C25127DAABE300AE9ADB /* ExportableLineItemField.swift */; };
		8664C25427DAB14000AE9ADB /* ExportableAttachment.swift in Sources */ = {isa = PBXBuildFile; fileRef = 8664C25327DAB14000AE9ADB /* ExportableAttachment.swift */; };
		8683930F27D1450B00D91D96 /* VehicleView.swift in Sources */ = {isa = PBXBuildFile; fileRef = 8683930E27D1450B00D91D96 /* VehicleView.swift */; };
		8690C7A427D9A18E0042F543 /* EditLineItemFieldView.swift in Sources */ = {isa = PBXBuildFile; fileRef = 8690C7A327D9A18D0042F543 /* EditLineItemFieldView.swift */; };
		8690C7A727D9A6A80042F543 /* LineItemFieldLabelView.swift in Sources */ = {isa = PBXBuildFile; fileRef = 8690C7A627D9A6A80042F543 /* LineItemFieldLabelView.swift */; };
		8690C7AA27D9A9180042F543 /* OdometerReading.swift in Sources */ = {isa = PBXBuildFile; fileRef = 8690C7A927D9A9170042F543 /* OdometerReading.swift */; };
		8690C7AD27D9AA260042F543 /* OdometerReadingView.swift in Sources */ = {isa = PBXBuildFile; fileRef = 8690C7AC27D9AA260042F543 /* OdometerReadingView.swift */; };
		8690C7F027D9EBE90042F543 /* VehicleTest.swift in Sources */ = {isa = PBXBuildFile; fileRef = 8690C7B527D9E72A0042F543 /* VehicleTest.swift */; };
		8690C7F127D9EBE90042F543 /* LineItemTypeTest.swift in Sources */ = {isa = PBXBuildFile; fileRef = 86B5D09427D076B70040399C /* LineItemTypeTest.swift */; };
		8690C7F227D9EBE90042F543 /* TestEnvironment.swift in Sources */ = {isa = PBXBuildFile; fileRef = 8690C7B327D9E6290042F543 /* TestEnvironment.swift */; };
		86B17F8C27D45EDF001E52C6 /* LineItemTypes.swift in Sources */ = {isa = PBXBuildFile; fileRef = 86B17F8B27D45EDF001E52C6 /* LineItemTypes.swift */; };
		86B17F9527D47270001E52C6 /* LineItemField.swift in Sources */ = {isa = PBXBuildFile; fileRef = 86B17F9427D47270001E52C6 /* LineItemField.swift */; };
		86B17F9E27D48D14001E52C6 /* LogItemView.swift in Sources */ = {isa = PBXBuildFile; fileRef = 86B17F9D27D48D14001E52C6 /* LogItemView.swift */; };
		86B189A527EAFD0F001CFBD3 /* FilePicker in Frameworks */ = {isa = PBXBuildFile; productRef = 86B189A427EAFD0F001CFBD3 /* FilePicker */; };
		86B189A727EAFEBE001CFBD3 /* QuickViewController.swift in Sources */ = {isa = PBXBuildFile; fileRef = 86B189A627EAFEBE001CFBD3 /* QuickViewController.swift */; };
		86B189A927EAFF5D001CFBD3 /* Temporary Files.swift in Sources */ = {isa = PBXBuildFile; fileRef = 86B189A827EAFF5D001CFBD3 /* Temporary Files.swift */; };
		86B189AD27EB0109001CFBD3 /* AttachmentView.swift in Sources */ = {isa = PBXBuildFile; fileRef = 86B189AC27EB0109001CFBD3 /* AttachmentView.swift */; };
		86D2DA6827D07E5A0083254E /* VINDecoderResult.swift in Sources */ = {isa = PBXBuildFile; fileRef = 86D2DA6727D07E5A0083254E /* VINDecoderResult.swift */; };
		86D2DA6B27D07F260083254E /* VINDecoderResponse.swift in Sources */ = {isa = PBXBuildFile; fileRef = 86D2DA6A27D07F260083254E /* VINDecoderResponse.swift */; };
		86D2DA6E27D080AF0083254E /* VINDecoder.swift in Sources */ = {isa = PBXBuildFile; fileRef = 86D2DA6D27D080AF0083254E /* VINDecoder.swift */; };
		86D2DA7227D081490083254E /* Alamofire in Frameworks */ = {isa = PBXBuildFile; productRef = 86D2DA7127D081490083254E /* Alamofire */; };
		86EB569B27E171A0007FA2DD /* AboutView.swift in Sources */ = {isa = PBXBuildFile; fileRef = 86EB569A27E171A0007FA2DD /* AboutView.swift */; };
/* End PBXBuildFile section */

/* Begin PBXBuildRule section */
		865D028727D9F553006C815D /* PBXBuildRule */ = {
			isa = PBXBuildRule;
			compilerSpec = com.apple.compilers.proxy.script;
			filePatterns = "*/LineItemTypes.yml";
			fileType = pattern.proxy;
			inputFiles = (
			);
			isEditable = 1;
			name = "Convert YAML files to JSON";
			outputFiles = (
				"$(DERIVED_FILE_DIR)/$(INPUT_FILE_BASE).json",
			);
			runOncePerArchitecture = 0;
			script = "#!/bin/sh\nset -euxo pipefail\nexport PATH=\"$PATH:/opt/homebrew/bin\"\nyq -o=json eval \"$SCRIPT_INPUT_FILE\" | jq -c . > \"$SCRIPT_OUTPUT_FILE_0\"\n";
		};
/* End PBXBuildRule section */

/* Begin PBXContainerItemProxy section */
		865D029327D9F9A2006C815D /* PBXContainerItemProxy */ = {
			isa = PBXContainerItemProxy;
			containerPortal = 861DAE0327CDD59D00AFE972 /* Project object */;
			proxyType = 1;
			remoteGlobalIDString = 861DAE1127CDD59F00AFE972;
			remoteInfo = Fleetbox;
		};
		8690C7EB27D9EBD90042F543 /* PBXContainerItemProxy */ = {
			isa = PBXContainerItemProxy;
			containerPortal = 861DAE0327CDD59D00AFE972 /* Project object */;
			proxyType = 1;
			remoteGlobalIDString = 861DAE1127CDD59F00AFE972;
			remoteInfo = "Fleetbox (iOS)";
		};
/* End PBXContainerItemProxy section */

/* Begin PBXFileReference section */
		1B206C79650C16573AAB5A64 /* workflows */ = {isa = PBXFileReference; fileEncoding = 4; lastKnownFileType = folder; name = workflows; path = .github/workflows; sourceTree = "<group>"; };
		8612CD6127E1956D00976E8F /* Array Extensions.swift */ = {isa = PBXFileReference; lastKnownFileType = sourcecode.swift; path = "Array Extensions.swift"; sourceTree = "<group>"; };
		8612CD6527E1A58300976E8F /* VehicleImageView.swift */ = {isa = PBXFileReference; lastKnownFileType = sourcecode.swift; path = VehicleImageView.swift; sourceTree = "<group>"; };
		8612CD6A27E1C77D00976E8F /* WithDoneButton.swift */ = {isa = PBXFileReference; lastKnownFileType = sourcecode.swift; path = WithDoneButton.swift; sourceTree = "<group>"; };
		8612CD6C27E1CF4400976E8F /* UIImage Extensions.swift */ = {isa = PBXFileReference; lastKnownFileType = sourcecode.swift; path = "UIImage Extensions.swift"; sourceTree = "<group>"; };
		8612CD6E27E2DEF200976E8F /* SaveOnLeave.swift */ = {isa = PBXFileReference; lastKnownFileType = sourcecode.swift; path = SaveOnLeave.swift; sourceTree = "<group>"; };
		861BA8FD27D8537100DD729A /* Fleetbox.entitlements */ = {isa = PBXFileReference; lastKnownFileType = text.plist.entitlements; path = Fleetbox.entitlements; sourceTree = "<group>"; };
		861BA8FE27D8546700DD729A /* LineItemView.swift */ = {isa = PBXFileReference; lastKnownFileType = sourcecode.swift; path = LineItemView.swift; sourceTree = "<group>"; };
		861DA48527DC8D7500775276 /* Fleetbox-Info.plist */ = {isa = PBXFileReference; lastKnownFileType = text.plist.xml; path = "Fleetbox-Info.plist"; sourceTree = "<group>"; };
		861DA48627E11DFF00775276 /* ExportContext.swift */ = {isa = PBXFileReference; lastKnownFileType = sourcecode.swift; path = ExportContext.swift; sourceTree = "<group>"; };
		861DA48827E11E3600775276 /* ExportableShop.swift */ = {isa = PBXFileReference; lastKnownFileType = sourcecode.swift; path = ExportableShop.swift; sourceTree = "<group>"; };
		861DA48A27E11E3E00775276 /* ExportableExportContext.swift */ = {isa = PBXFileReference; lastKnownFileType = sourcecode.swift; path = ExportableExportContext.swift; sourceTree = "<group>"; };
		861DA48C27E11F8100775276 /* ExportableTireSet.swift */ = {isa = PBXFileReference; lastKnownFileType = sourcecode.swift; path = ExportableTireSet.swift; sourceTree = "<group>"; };
		861DA48E27E1233200775276 /* Date Functions.swift */ = {isa = PBXFileReference; lastKnownFileType = sourcecode.swift; path = "Date Functions.swift"; sourceTree = "<group>"; };
		861DAE0927CDD59D00AFE972 /* Shared.xcdatamodel */ = {isa = PBXFileReference; lastKnownFileType = wrapper.xcdatamodel; path = Shared.xcdatamodel; sourceTree = "<group>"; };
		861DAE0A27CDD59D00AFE972 /* FleetboxApp.swift */ = {isa = PBXFileReference; lastKnownFileType = sourcecode.swift; path = FleetboxApp.swift; sourceTree = "<group>"; };
		861DAE0B27CDD59D00AFE972 /* VehiclesView.swift */ = {isa = PBXFileReference; lastKnownFileType = sourcecode.swift; path = VehiclesView.swift; sourceTree = "<group>"; };
		861DAE0C27CDD59D00AFE972 /* Persistence.swift */ = {isa = PBXFileReference; lastKnownFileType = sourcecode.swift; path = Persistence.swift; sourceTree = "<group>"; };
		861DAE0D27CDD59F00AFE972 /* Assets.xcassets */ = {isa = PBXFileReference; lastKnownFileType = folder.assetcatalog; path = Assets.xcassets; sourceTree = "<group>"; };
		861DAE1227CDD59F00AFE972 /* Fleetbox Debug.app */ = {isa = PBXFileReference; explicitFileType = wrapper.application; includeInIndex = 0; path = "Fleetbox Debug.app"; sourceTree = BUILT_PRODUCTS_DIR; };
		861E4D9B27DC13CF0072B6DD /* LineItemTypeLabelView.swift */ = {isa = PBXFileReference; lastKnownFileType = sourcecode.swift; path = LineItemTypeLabelView.swift; sourceTree = "<group>"; };
		864C731A27CDF54E00047165 /* Vehicle.swift */ = {isa = PBXFileReference; lastKnownFileType = sourcecode.swift; path = Vehicle.swift; sourceTree = "<group>"; };
		864C731D27CDFA0A00047165 /* VehicleSpotlightDelegate.swift */ = {isa = PBXFileReference; lastKnownFileType = sourcecode.swift; path = VehicleSpotlightDelegate.swift; sourceTree = "<group>"; };
		864C732027D06A7F00047165 /* LogItem.swift */ = {isa = PBXFileReference; lastKnownFileType = sourcecode.swift; path = LogItem.swift; sourceTree = "<group>"; };
		864C732327D06B8C00047165 /* Shop.swift */ = {isa = PBXFileReference; lastKnownFileType = sourcecode.swift; path = Shop.swift; sourceTree = "<group>"; };
		864C732627D06C6800047165 /* LineItem.swift */ = {isa = PBXFileReference; lastKnownFileType = sourcecode.swift; path = LineItem.swift; sourceTree = "<group>"; };
		86500C6F27DAD84F00A5111E /* FleetboxTextField.swift */ = {isa = PBXFileReference; lastKnownFileType = sourcecode.swift; path = FleetboxTextField.swift; sourceTree = "<group>"; };
		86500C7127DBED3D00A5111E /* LineItemTypePickerView.swift */ = {isa = PBXFileReference; lastKnownFileType = sourcecode.swift; path = LineItemTypePickerView.swift; sourceTree = "<group>"; };
		86500C7327DBEDC500A5111E /* TireSetPickerView.swift */ = {isa = PBXFileReference; lastKnownFileType = sourcecode.swift; path = TireSetPickerView.swift; sourceTree = "<group>"; };
		86500C7527DBF22D00A5111E /* ShopPickerView.swift */ = {isa = PBXFileReference; lastKnownFileType = sourcecode.swift; path = ShopPickerView.swift; sourceTree = "<group>"; };
		86500C7727DC00DF00A5111E /* OdometerReadingsView.swift */ = {isa = PBXFileReference; lastKnownFileType = sourcecode.swift; path = OdometerReadingsView.swift; sourceTree = "<group>"; };
		86500C8827DC0D6E00A5111E /* VehicleDetailsView.swift */ = {isa = PBXFileReference; lastKnownFileType = sourcecode.swift; path = VehicleDetailsView.swift; sourceTree = "<group>"; };
		86500C8A27DC0D8600A5111E /* VINDetailView.swift */ = {isa = PBXFileReference; lastKnownFileType = sourcecode.swift; path = VINDetailView.swift; sourceTree = "<group>"; };
		86500C8C27DC0DBC00A5111E /* PartOdometersView.swift */ = {isa = PBXFileReference; lastKnownFileType = sourcecode.swift; path = PartOdometersView.swift; sourceTree = "<group>"; };
		86500C8E27DC0DE900A5111E /* PartOdometer.swift */ = {isa = PBXFileReference; lastKnownFileType = sourcecode.swift; path = PartOdometer.swift; sourceTree = "<group>"; };
		86500C9027DC0DFE00A5111E /* PartOdometerRowView.swift */ = {isa = PBXFileReference; lastKnownFileType = sourcecode.swift; path = PartOdometerRowView.swift; sourceTree = "<group>"; };
		86500C9227DC0E3200A5111E /* PartOdometerIndividualView.swift */ = {isa = PBXFileReference; lastKnownFileType = sourcecode.swift; path = PartOdometerIndividualView.swift; sourceTree = "<group>"; };
		86500C9427DC0E4700A5111E /* PartOdometerFluidFilterView.swift */ = {isa = PBXFileReference; lastKnownFileType = sourcecode.swift; path = PartOdometerFluidFilterView.swift; sourceTree = "<group>"; };
		86500C9627DC0E5B00A5111E /* OdometerReadingFormView.swift */ = {isa = PBXFileReference; lastKnownFileType = sourcecode.swift; path = OdometerReadingFormView.swift; sourceTree = "<group>"; };
		86500C9B27DC111800A5111E /* TireDetailView.swift */ = {isa = PBXFileReference; lastKnownFileType = sourcecode.swift; path = TireDetailView.swift; sourceTree = "<group>"; };
		86500C9D27DC125200A5111E /* EditTireSetLineItemFieldView.swift */ = {isa = PBXFileReference; lastKnownFileType = sourcecode.swift; path = EditTireSetLineItemFieldView.swift; sourceTree = "<group>"; };
		86500C9F27DC134C00A5111E /* MaintenanceLogView.swift */ = {isa = PBXFileReference; lastKnownFileType = sourcecode.swift; path = MaintenanceLogView.swift; sourceTree = "<group>"; };
		8652AA7627DAB5F300D8D56D /* Dummy Data.swift */ = {isa = PBXFileReference; lastKnownFileType = sourcecode.swift; path = "Dummy Data.swift"; sourceTree = "<group>"; };
		865D028427D9F1B3006C815D /* Error Handling.swift */ = {isa = PBXFileReference; lastKnownFileType = sourcecode.swift; path = "Error Handling.swift"; sourceTree = "<group>"; };
		865D028D27D9F9A2006C815D /* Fleetbox UI Tests.xctest */ = {isa = PBXFileReference; explicitFileType = wrapper.cfbundle; includeInIndex = 0; path = "Fleetbox UI Tests.xctest"; sourceTree = BUILT_PRODUCTS_DIR; };
		865D028F27D9F9A2006C815D /* BaseUITests.swift */ = {isa = PBXFileReference; lastKnownFileType = sourcecode.swift; path = BaseUITests.swift; sourceTree = "<group>"; };
		865D029127D9F9A2006C815D /* UILaunchTests.swift */ = {isa = PBXFileReference; lastKnownFileType = sourcecode.swift; path = UILaunchTests.swift; sourceTree = "<group>"; };
		86638D2227D970F300149689 /* LogItemLabelView.swift */ = {isa = PBXFileReference; lastKnownFileType = sourcecode.swift; path = LogItemLabelView.swift; sourceTree = "<group>"; };
		86638D2527D9721500149689 /* LineItemLabelView.swift */ = {isa = PBXFileReference; lastKnownFileType = sourcecode.swift; path = LineItemLabelView.swift; sourceTree = "<group>"; };
		86638D2C27D9870700149689 /* AppIcon.afdesign */ = {isa = PBXFileReference; lastKnownFileType = file; path = AppIcon.afdesign; sourceTree = "<group>"; };
		86638D3727D994B200149689 /* TireSet.swift */ = {isa = PBXFileReference; lastKnownFileType = sourcecode.swift; path = TireSet.swift; sourceTree = "<group>"; };
		8664C23A27D9FEFB00AE9ADB /* UI.xctestplan */ = {isa = PBXFileReference; lastKnownFileType = text; path = UI.xctestplan; sourceTree = "<group>"; };
		8664C23B27D9FF1600AE9ADB /* Unit.xctestplan */ = {isa = PBXFileReference; lastKnownFileType = text; path = Unit.xctestplan; sourceTree = "<group>"; };
		8664C23C27DA906A00AE9ADB /* TireSetView.swift */ = {isa = PBXFileReference; lastKnownFileType = sourcecode.swift; path = TireSetView.swift; sourceTree = "<group>"; };
		8664C23E27DA907A00AE9ADB /* TireSetsView.swift */ = {isa = PBXFileReference; lastKnownFileType = sourcecode.swift; path = TireSetsView.swift; sourceTree = "<group>"; };
		8664C24027DA91BB00AE9ADB /* ShopsView.swift */ = {isa = PBXFileReference; lastKnownFileType = sourcecode.swift; path = ShopsView.swift; sourceTree = "<group>"; };
		8664C24227DA91C200AE9ADB /* ShopView.swift */ = {isa = PBXFileReference; lastKnownFileType = sourcecode.swift; path = ShopView.swift; sourceTree = "<group>"; };
		8664C24427DA91E100AE9ADB /* PreviewWrapper.swift */ = {isa = PBXFileReference; lastKnownFileType = sourcecode.swift; path = PreviewWrapper.swift; sourceTree = "<group>"; };
		8664C24627DA987800AE9ADB /* Custom Bindings.swift */ = {isa = PBXFileReference; lastKnownFileType = sourcecode.swift; path = "Custom Bindings.swift"; sourceTree = "<group>"; };
		8664C24927DAAA2600AE9ADB /* ExportableVehicle.swift */ = {isa = PBXFileReference; lastKnownFileType = sourcecode.swift; path = ExportableVehicle.swift; sourceTree = "<group>"; };
		8664C24B27DAAA7900AE9ADB /* ExportableLogItem.swift */ = {isa = PBXFileReference; lastKnownFileType = sourcecode.swift; path = ExportableLogItem.swift; sourceTree = "<group>"; };
		8664C24D27DAAA8200AE9ADB /* ExportableOdometerReading.swift */ = {isa = PBXFileReference; lastKnownFileType = sourcecode.swift; path = ExportableOdometerReading.swift; sourceTree = "<group>"; };
		8664C24F27DAAB7800AE9ADB /* ExportableLineItem.swift */ = {isa = PBXFileReference; lastKnownFileType = sourcecode.swift; path = ExportableLineItem.swift; sourceTree = "<group>"; };
		8664C25127DAABE300AE9ADB /* ExportableLineItemField.swift */ = {isa = PBXFileReference; lastKnownFileType = sourcecode.swift; path = ExportableLineItemField.swift; sourceTree = "<group>"; };
		8664C25327DAB14000AE9ADB /* ExportableAttachment.swift */ = {isa = PBXFileReference; lastKnownFileType = sourcecode.swift; path = ExportableAttachment.swift; sourceTree = "<group>"; };
		8683930E27D1450B00D91D96 /* VehicleView.swift */ = {isa = PBXFileReference; lastKnownFileType = sourcecode.swift; path = VehicleView.swift; sourceTree = "<group>"; };
		8690C7A327D9A18D0042F543 /* EditLineItemFieldView.swift */ = {isa = PBXFileReference; lastKnownFileType = sourcecode.swift; path = EditLineItemFieldView.swift; sourceTree = "<group>"; };
		8690C7A627D9A6A80042F543 /* LineItemFieldLabelView.swift */ = {isa = PBXFileReference; lastKnownFileType = sourcecode.swift; path = LineItemFieldLabelView.swift; sourceTree = "<group>"; };
		8690C7A927D9A9170042F543 /* OdometerReading.swift */ = {isa = PBXFileReference; lastKnownFileType = sourcecode.swift; path = OdometerReading.swift; sourceTree = "<group>"; };
		8690C7AC27D9AA260042F543 /* OdometerReadingView.swift */ = {isa = PBXFileReference; lastKnownFileType = sourcecode.swift; path = OdometerReadingView.swift; sourceTree = "<group>"; };
		8690C7B327D9E6290042F543 /* TestEnvironment.swift */ = {isa = PBXFileReference; lastKnownFileType = sourcecode.swift; path = TestEnvironment.swift; sourceTree = "<group>"; };
		8690C7B527D9E72A0042F543 /* VehicleTest.swift */ = {isa = PBXFileReference; lastKnownFileType = sourcecode.swift; path = VehicleTest.swift; sourceTree = "<group>"; };
		8690C7E227D9EB780042F543 /* Everything.xctestplan */ = {isa = PBXFileReference; lastKnownFileType = text; path = Everything.xctestplan; sourceTree = "<group>"; };
		8690C7E727D9EBD90042F543 /* Fleetbox Unit Tests.xctest */ = {isa = PBXFileReference; explicitFileType = wrapper.cfbundle; includeInIndex = 0; path = "Fleetbox Unit Tests.xctest"; sourceTree = BUILT_PRODUCTS_DIR; };
		86B17F8827D45E0D001E52C6 /* LineItemTypes.yml */ = {isa = PBXFileReference; lastKnownFileType = text.yaml; path = LineItemTypes.yml; sourceTree = "<group>"; xcLanguageSpecificationIdentifier = xcode.lang.yaml; };
		86B17F8B27D45EDF001E52C6 /* LineItemTypes.swift */ = {isa = PBXFileReference; lastKnownFileType = sourcecode.swift; path = LineItemTypes.swift; sourceTree = "<group>"; };
		86B17F8E27D467EF001E52C6 /* LineItemTypes.schema.json */ = {isa = PBXFileReference; lastKnownFileType = text.json; path = LineItemTypes.schema.json; sourceTree = "<group>"; };
		86B17F9427D47270001E52C6 /* LineItemField.swift */ = {isa = PBXFileReference; lastKnownFileType = sourcecode.swift; path = LineItemField.swift; sourceTree = "<group>"; };
		86B17F9D27D48D14001E52C6 /* LogItemView.swift */ = {isa = PBXFileReference; lastKnownFileType = sourcecode.swift; path = LogItemView.swift; sourceTree = "<group>"; };
		86B189A627EAFEBE001CFBD3 /* QuickViewController.swift */ = {isa = PBXFileReference; lastKnownFileType = sourcecode.swift; path = QuickViewController.swift; sourceTree = "<group>"; };
		86B189A827EAFF5D001CFBD3 /* Temporary Files.swift */ = {isa = PBXFileReference; lastKnownFileType = sourcecode.swift; path = "Temporary Files.swift"; sourceTree = "<group>"; };
		86B189AC27EB0109001CFBD3 /* AttachmentView.swift */ = {isa = PBXFileReference; lastKnownFileType = sourcecode.swift; path = AttachmentView.swift; sourceTree = "<group>"; };
		86B5D09427D076B70040399C /* LineItemTypeTest.swift */ = {isa = PBXFileReference; lastKnownFileType = sourcecode.swift; path = LineItemTypeTest.swift; sourceTree = "<group>"; };
		86D2DA6727D07E5A0083254E /* VINDecoderResult.swift */ = {isa = PBXFileReference; lastKnownFileType = sourcecode.swift; path = VINDecoderResult.swift; sourceTree = "<group>"; };
		86D2DA6A27D07F260083254E /* VINDecoderResponse.swift */ = {isa = PBXFileReference; lastKnownFileType = sourcecode.swift; path = VINDecoderResponse.swift; sourceTree = "<group>"; };
		86D2DA6D27D080AF0083254E /* VINDecoder.swift */ = {isa = PBXFileReference; lastKnownFileType = sourcecode.swift; path = VINDecoder.swift; sourceTree = "<group>"; };
		86EB569A27E171A0007FA2DD /* AboutView.swift */ = {isa = PBXFileReference; lastKnownFileType = sourcecode.swift; path = AboutView.swift; sourceTree = "<group>"; };
		86EB569C27E17681007FA2DD /* README.md */ = {isa = PBXFileReference; lastKnownFileType = net.daringfireball.markdown; path = README.md; sourceTree = "<group>"; };
		86EB569D27E176AC007FA2DD /* LICENSE.md */ = {isa = PBXFileReference; lastKnownFileType = net.daringfireball.markdown; path = LICENSE.md; sourceTree = "<group>"; };
/* End PBXFileReference section */

/* Begin PBXFrameworksBuildPhase section */
		861DAE0F27CDD59F00AFE972 /* Frameworks */ = {
			isa = PBXFrameworksBuildPhase;
			buildActionMask = 2147483647;
			files = (
				86B189A527EAFD0F001CFBD3 /* FilePicker in Frameworks */,
				8612CD6927E1A68B00976E8F /* ImagePickerView in Frameworks */,
				861DAE4E27CDDAD700AFE972 /* Sentry in Frameworks */,
				86D2DA7227D081490083254E /* Alamofire in Frameworks */,
			);
			runOnlyForDeploymentPostprocessing = 0;
		};
		865D028A27D9F9A2006C815D /* Frameworks */ = {
			isa = PBXFrameworksBuildPhase;
			buildActionMask = 2147483647;
			files = (
			);
			runOnlyForDeploymentPostprocessing = 0;
		};
		8690C7E427D9EBD90042F543 /* Frameworks */ = {
			isa = PBXFrameworksBuildPhase;
			buildActionMask = 2147483647;
			files = (
			);
			runOnlyForDeploymentPostprocessing = 0;
		};
/* End PBXFrameworksBuildPhase section */

/* Begin PBXGroup section */
		861DAE0227CDD59D00AFE972 = {
			isa = PBXGroup;
			children = (
				86EB569C27E17681007FA2DD /* README.md */,
				86EB569D27E176AC007FA2DD /* LICENSE.md */,
				861DAE0727CDD59D00AFE972 /* Source */,
				8664C23927D9FED600AE9ADB /* Test Plans */,
				8690C7E827D9EBD90042F543 /* Unit Tests */,
				865D028E27D9F9A2006C815D /* UI Tests */,
				86638D2B27D9870700149689 /* Design */,
				861DAE1327CDD59F00AFE972 /* Products */,
				861DAE4F27CDDAEB00AFE972 /* Frameworks */,
				1B206C79650C16573AAB5A64 /* workflows */,
			);
			sourceTree = "<group>";
		};
		861DAE0727CDD59D00AFE972 /* Source */ = {
			isa = PBXGroup;
			children = (
				86500C8527DC09F200A5111E /* Common */,
				861BA8FD27D8537100DD729A /* Fleetbox.entitlements */,
				861DA48527DC8D7500775276 /* Fleetbox-Info.plist */,
				86D2DA7527D087D20083254E /* Views */,
				86D2DA6627D07E3E0083254E /* VIN Decoder */,
				864C731927CDF54000047165 /* Model */,
				861DAE0A27CDD59D00AFE972 /* FleetboxApp.swift */,
			);
			path = Source;
			sourceTree = "<group>";
		};
		861DAE1327CDD59F00AFE972 /* Products */ = {
			isa = PBXGroup;
			children = (
				861DAE1227CDD59F00AFE972 /* Fleetbox Debug.app */,
				8690C7E727D9EBD90042F543 /* Fleetbox Unit Tests.xctest */,
				865D028D27D9F9A2006C815D /* Fleetbox UI Tests.xctest */,
			);
			name = Products;
			sourceTree = "<group>";
		};
		861DAE4F27CDDAEB00AFE972 /* Frameworks */ = {
			isa = PBXGroup;
			children = (
			);
			name = Frameworks;
			sourceTree = "<group>";
		};
		864C731927CDF54000047165 /* Model */ = {
			isa = PBXGroup;
			children = (
				86500C8427DC09E300A5111E /* Spotlight */,
				86500C8327DC09CE00A5111E /* Core Data Extensions */,
				8664C24827DAAA1A00AE9ADB /* Export */,
				86B17F8727D45DF1001E52C6 /* Line Item Types */,
				861DAE0C27CDD59D00AFE972 /* Persistence.swift */,
				861DAE0827CDD59D00AFE972 /* Fleetbox.xcdatamodeld */,
			);
			path = Model;
			sourceTree = "<group>";
		};
		86500C7B27DC092B00A5111E /* Vehicle */ = {
			isa = PBXGroup;
			children = (
				86500C9827DC0E9900A5111E /* Part Odometer */,
				861DAE0B27CDD59D00AFE972 /* VehiclesView.swift */,
				8683930E27D1450B00D91D96 /* VehicleView.swift */,
				86500C8827DC0D6E00A5111E /* VehicleDetailsView.swift */,
				86500C8A27DC0D8600A5111E /* VINDetailView.swift */,
				86500C9F27DC134C00A5111E /* MaintenanceLogView.swift */,
				8612CD6527E1A58300976E8F /* VehicleImageView.swift */,
			);
			path = Vehicle;
			sourceTree = "<group>";
		};
		86500C7C27DC093A00A5111E /* Log Item */ = {
			isa = PBXGroup;
			children = (
				86B17F9D27D48D14001E52C6 /* LogItemView.swift */,
				86638D2227D970F300149689 /* LogItemLabelView.swift */,
				86B189AC27EB0109001CFBD3 /* AttachmentView.swift */,
			);
			path = "Log Item";
			sourceTree = "<group>";
		};
		86500C7D27DC094500A5111E /* Line Item */ = {
			isa = PBXGroup;
			children = (
				861BA8FE27D8546700DD729A /* LineItemView.swift */,
				86638D2527D9721500149689 /* LineItemLabelView.swift */,
				861E4D9B27DC13CF0072B6DD /* LineItemTypeLabelView.swift */,
				86500C7127DBED3D00A5111E /* LineItemTypePickerView.swift */,
				86500C7E27DC094E00A5111E /* Fields */,
			);
			path = "Line Item";
			sourceTree = "<group>";
		};
		86500C7E27DC094E00A5111E /* Fields */ = {
			isa = PBXGroup;
			children = (
				8690C7A627D9A6A80042F543 /* LineItemFieldLabelView.swift */,
				8690C7A327D9A18D0042F543 /* EditLineItemFieldView.swift */,
				86500C9D27DC125200A5111E /* EditTireSetLineItemFieldView.swift */,
			);
			path = Fields;
			sourceTree = "<group>";
		};
		86500C7F27DC097A00A5111E /* Tire Set */ = {
			isa = PBXGroup;
			children = (
				8664C23E27DA907A00AE9ADB /* TireSetsView.swift */,
				8664C23C27DA906A00AE9ADB /* TireSetView.swift */,
				86500C7327DBEDC500A5111E /* TireSetPickerView.swift */,
				86500C9B27DC111800A5111E /* TireDetailView.swift */,
			);
			path = "Tire Set";
			sourceTree = "<group>";
		};
		86500C8027DC098500A5111E /* Shop */ = {
			isa = PBXGroup;
			children = (
				8664C24027DA91BB00AE9ADB /* ShopsView.swift */,
				8664C24227DA91C200AE9ADB /* ShopView.swift */,
				86500C7527DBF22D00A5111E /* ShopPickerView.swift */,
			);
			path = Shop;
			sourceTree = "<group>";
		};
		86500C8127DC098C00A5111E /* Odometer Reading */ = {
			isa = PBXGroup;
			children = (
				86500C7727DC00DF00A5111E /* OdometerReadingsView.swift */,
				8690C7AC27D9AA260042F543 /* OdometerReadingView.swift */,
				86500C9627DC0E5B00A5111E /* OdometerReadingFormView.swift */,
			);
			path = "Odometer Reading";
			sourceTree = "<group>";
		};
		86500C8227DC099400A5111E /* Common */ = {
			isa = PBXGroup;
			children = (
				8664C24427DA91E100AE9ADB /* PreviewWrapper.swift */,
				86500C6F27DAD84F00A5111E /* FleetboxTextField.swift */,
				8612CD6A27E1C77D00976E8F /* WithDoneButton.swift */,
				8612CD6E27E2DEF200976E8F /* SaveOnLeave.swift */,
				86B189A627EAFEBE001CFBD3 /* QuickViewController.swift */,
			);
			path = Common;
			sourceTree = "<group>";
		};
		86500C8327DC09CE00A5111E /* Core Data Extensions */ = {
			isa = PBXGroup;
			children = (
				864C731A27CDF54E00047165 /* Vehicle.swift */,
				864C732027D06A7F00047165 /* LogItem.swift */,
				864C732327D06B8C00047165 /* Shop.swift */,
				864C732627D06C6800047165 /* LineItem.swift */,
				86B17F9427D47270001E52C6 /* LineItemField.swift */,
				86638D3727D994B200149689 /* TireSet.swift */,
				8690C7A927D9A9170042F543 /* OdometerReading.swift */,
			);
			path = "Core Data Extensions";
			sourceTree = "<group>";
		};
		86500C8427DC09E300A5111E /* Spotlight */ = {
			isa = PBXGroup;
			children = (
				864C731D27CDFA0A00047165 /* VehicleSpotlightDelegate.swift */,
			);
			path = Spotlight;
			sourceTree = "<group>";
		};
		86500C8527DC09F200A5111E /* Common */ = {
			isa = PBXGroup;
			children = (
				865D028427D9F1B3006C815D /* Error Handling.swift */,
				8664C24627DA987800AE9ADB /* Custom Bindings.swift */,
				8652AA7627DAB5F300D8D56D /* Dummy Data.swift */,
				861DA48E27E1233200775276 /* Date Functions.swift */,
				8612CD6127E1956D00976E8F /* Array Extensions.swift */,
				8612CD6C27E1CF4400976E8F /* UIImage Extensions.swift */,
				86B189A827EAFF5D001CFBD3 /* Temporary Files.swift */,
			);
			path = Common;
			sourceTree = "<group>";
		};
		86500C9827DC0E9900A5111E /* Part Odometer */ = {
			isa = PBXGroup;
			children = (
				86500C8C27DC0DBC00A5111E /* PartOdometersView.swift */,
				86500C8E27DC0DE900A5111E /* PartOdometer.swift */,
				86500C9227DC0E3200A5111E /* PartOdometerIndividualView.swift */,
				86500C9427DC0E4700A5111E /* PartOdometerFluidFilterView.swift */,
				86500C9027DC0DFE00A5111E /* PartOdometerRowView.swift */,
			);
			path = "Part Odometer";
			sourceTree = "<group>";
		};
		865D028E27D9F9A2006C815D /* UI Tests */ = {
			isa = PBXGroup;
			children = (
				865D028F27D9F9A2006C815D /* BaseUITests.swift */,
				865D029127D9F9A2006C815D /* UILaunchTests.swift */,
			);
			path = "UI Tests";
			sourceTree = "<group>";
		};
		86638D2B27D9870700149689 /* Design */ = {
			isa = PBXGroup;
			children = (
				861DAE0D27CDD59F00AFE972 /* Assets.xcassets */,
				86638D2C27D9870700149689 /* AppIcon.afdesign */,
			);
			path = Design;
			sourceTree = "<group>";
		};
		8664C23927D9FED600AE9ADB /* Test Plans */ = {
			isa = PBXGroup;
			children = (
				8690C7E227D9EB780042F543 /* Everything.xctestplan */,
				8664C23B27D9FF1600AE9ADB /* Unit.xctestplan */,
				8664C23A27D9FEFB00AE9ADB /* UI.xctestplan */,
			);
			path = "Test Plans";
			sourceTree = "<group>";
		};
		8664C24827DAAA1A00AE9ADB /* Export */ = {
			isa = PBXGroup;
			children = (
				8664C24927DAAA2600AE9ADB /* ExportableVehicle.swift */,
				8664C24B27DAAA7900AE9ADB /* ExportableLogItem.swift */,
				8664C24D27DAAA8200AE9ADB /* ExportableOdometerReading.swift */,
				8664C24F27DAAB7800AE9ADB /* ExportableLineItem.swift */,
				8664C25127DAABE300AE9ADB /* ExportableLineItemField.swift */,
				8664C25327DAB14000AE9ADB /* ExportableAttachment.swift */,
				861DA48627E11DFF00775276 /* ExportContext.swift */,
				861DA48827E11E3600775276 /* ExportableShop.swift */,
				861DA48A27E11E3E00775276 /* ExportableExportContext.swift */,
				861DA48C27E11F8100775276 /* ExportableTireSet.swift */,
			);
			path = Export;
			sourceTree = "<group>";
		};
		8690C7E827D9EBD90042F543 /* Unit Tests */ = {
			isa = PBXGroup;
			children = (
				8690C7B327D9E6290042F543 /* TestEnvironment.swift */,
				8690C7B527D9E72A0042F543 /* VehicleTest.swift */,
				86B5D09427D076B70040399C /* LineItemTypeTest.swift */,
			);
			path = "Unit Tests";
			sourceTree = "<group>";
		};
		86B17F8727D45DF1001E52C6 /* Line Item Types */ = {
			isa = PBXGroup;
			children = (
				86B17F8E27D467EF001E52C6 /* LineItemTypes.schema.json */,
				86B17F8827D45E0D001E52C6 /* LineItemTypes.yml */,
				86B17F8B27D45EDF001E52C6 /* LineItemTypes.swift */,
			);
			path = "Line Item Types";
			sourceTree = "<group>";
		};
		86D2DA6627D07E3E0083254E /* VIN Decoder */ = {
			isa = PBXGroup;
			children = (
				86D2DA6727D07E5A0083254E /* VINDecoderResult.swift */,
				86D2DA6A27D07F260083254E /* VINDecoderResponse.swift */,
				86D2DA6D27D080AF0083254E /* VINDecoder.swift */,
			);
			path = "VIN Decoder";
			sourceTree = "<group>";
		};
		86D2DA7527D087D20083254E /* Views */ = {
			isa = PBXGroup;
			children = (
				86500C8227DC099400A5111E /* Common */,
				86EB569927E1718A007FA2DD /* About */,
				86500C7B27DC092B00A5111E /* Vehicle */,
				86500C7C27DC093A00A5111E /* Log Item */,
				86500C7D27DC094500A5111E /* Line Item */,
				86500C8127DC098C00A5111E /* Odometer Reading */,
				86500C8027DC098500A5111E /* Shop */,
				86500C7F27DC097A00A5111E /* Tire Set */,
			);
			path = Views;
			sourceTree = "<group>";
		};
		86EB569927E1718A007FA2DD /* About */ = {
			isa = PBXGroup;
			children = (
				86EB569A27E171A0007FA2DD /* AboutView.swift */,
			);
			path = About;
			sourceTree = "<group>";
		};
/* End PBXGroup section */

/* Begin PBXNativeTarget section */
		861DAE1127CDD59F00AFE972 /* Fleetbox */ = {
			isa = PBXNativeTarget;
			buildConfigurationList = 861DAE3F27CDD59F00AFE972 /* Build configuration list for PBXNativeTarget "Fleetbox" */;
			buildPhases = (
				861DA48427DC892C00775276 /* Run SwiftLint */,
				861DAE0E27CDD59F00AFE972 /* Sources */,
				861DAE0F27CDD59F00AFE972 /* Frameworks */,
				861DAE1027CDD59F00AFE972 /* Resources */,
			);
			buildRules = (
				865D028727D9F553006C815D /* PBXBuildRule */,
			);
			dependencies = (
			);
			name = Fleetbox;
			packageProductDependencies = (
				861DAE4D27CDDAD700AFE972 /* Sentry */,
				86D2DA7127D081490083254E /* Alamofire */,
				8612CD6827E1A68B00976E8F /* ImagePickerView */,
				86B189A427EAFD0F001CFBD3 /* FilePicker */,
			);
			productName = "Fleetbox (iOS)";
			productReference = 861DAE1227CDD59F00AFE972 /* Fleetbox Debug.app */;
			productType = "com.apple.product-type.application";
		};
		865D028C27D9F9A2006C815D /* Fleetbox UI Tests */ = {
			isa = PBXNativeTarget;
			buildConfigurationList = 865D029527D9F9A2006C815D /* Build configuration list for PBXNativeTarget "Fleetbox UI Tests" */;
			buildPhases = (
				865D028927D9F9A2006C815D /* Sources */,
				865D028A27D9F9A2006C815D /* Frameworks */,
				865D028B27D9F9A2006C815D /* Resources */,
			);
			buildRules = (
			);
			dependencies = (
				865D029427D9F9A2006C815D /* PBXTargetDependency */,
			);
			name = "Fleetbox UI Tests";
			productName = "UI Tests";
			productReference = 865D028D27D9F9A2006C815D /* Fleetbox UI Tests.xctest */;
			productType = "com.apple.product-type.bundle.ui-testing";
		};
		8690C7E627D9EBD90042F543 /* Fleetbox Unit Tests */ = {
			isa = PBXNativeTarget;
			buildConfigurationList = 8690C7ED27D9EBD90042F543 /* Build configuration list for PBXNativeTarget "Fleetbox Unit Tests" */;
			buildPhases = (
				8690C7E327D9EBD90042F543 /* Sources */,
				8690C7E427D9EBD90042F543 /* Frameworks */,
				8690C7E527D9EBD90042F543 /* Resources */,
			);
			buildRules = (
			);
			dependencies = (
				8690C7EC27D9EBD90042F543 /* PBXTargetDependency */,
			);
			name = "Fleetbox Unit Tests";
			productName = FleetboxUnitTests;
			productReference = 8690C7E727D9EBD90042F543 /* Fleetbox Unit Tests.xctest */;
			productType = "com.apple.product-type.bundle.unit-test";
		};
/* End PBXNativeTarget section */

/* Begin PBXProject section */
		861DAE0327CDD59D00AFE972 /* Project object */ = {
			isa = PBXProject;
			attributes = {
				BuildIndependentTargetsInParallel = 1;
				LastSwiftUpdateCheck = 1320;
				LastUpgradeCheck = 1320;
				TargetAttributes = {
					861DAE1127CDD59F00AFE972 = {
						CreatedOnToolsVersion = 13.2.1;
					};
					865D028C27D9F9A2006C815D = {
						CreatedOnToolsVersion = 13.2.1;
						TestTargetID = 861DAE1127CDD59F00AFE972;
					};
					8690C7E627D9EBD90042F543 = {
						CreatedOnToolsVersion = 13.2.1;
						TestTargetID = 861DAE1127CDD59F00AFE972;
					};
				};
			};
			buildConfigurationList = 861DAE0627CDD59D00AFE972 /* Build configuration list for PBXProject "Fleetbox" */;
			compatibilityVersion = "Xcode 13.0";
			developmentRegion = en;
			hasScannedForEncodings = 0;
			knownRegions = (
				en,
				Base,
			);
			mainGroup = 861DAE0227CDD59D00AFE972;
			packageReferences = (
				861DAE4C27CDDAD700AFE972 /* XCRemoteSwiftPackageReference "sentry-cocoa" */,
				86D2DA7027D081490083254E /* XCRemoteSwiftPackageReference "Alamofire" */,
				8612CD6727E1A68B00976E8F /* XCRemoteSwiftPackageReference "ImagePickerView" */,
				86B189A327EAFD0F001CFBD3 /* XCRemoteSwiftPackageReference "FilePicker" */,
			);
			productRefGroup = 861DAE1327CDD59F00AFE972 /* Products */;
			projectDirPath = "";
			projectRoot = "";
			targets = (
				861DAE1127CDD59F00AFE972 /* Fleetbox */,
				8690C7E627D9EBD90042F543 /* Fleetbox Unit Tests */,
				865D028C27D9F9A2006C815D /* Fleetbox UI Tests */,
			);
		};
/* End PBXProject section */

/* Begin PBXResourcesBuildPhase section */
		861DAE1027CDD59F00AFE972 /* Resources */ = {
			isa = PBXResourcesBuildPhase;
			buildActionMask = 2147483647;
			files = (
				865D028827D9F622006C815D /* LineItemTypes.yml in Resources */,
				861DAE3B27CDD59F00AFE972 /* Assets.xcassets in Resources */,
			);
			runOnlyForDeploymentPostprocessing = 0;
		};
		865D028B27D9F9A2006C815D /* Resources */ = {
			isa = PBXResourcesBuildPhase;
			buildActionMask = 2147483647;
			files = (
			);
			runOnlyForDeploymentPostprocessing = 0;
		};
		8690C7E527D9EBD90042F543 /* Resources */ = {
			isa = PBXResourcesBuildPhase;
			buildActionMask = 2147483647;
			files = (
			);
			runOnlyForDeploymentPostprocessing = 0;
		};
/* End PBXResourcesBuildPhase section */

/* Begin PBXShellScriptBuildPhase section */
		861DA48427DC892C00775276 /* Run SwiftLint */ = {
			isa = PBXShellScriptBuildPhase;
			alwaysOutOfDate = 1;
			buildActionMask = 2147483647;
			files = (
			);
			inputFileListPaths = (
			);
			inputPaths = (
			);
			name = "Run SwiftLint";
			outputFileListPaths = (
			);
			outputPaths = (
			);
			runOnlyForDeploymentPostprocessing = 0;
			shellPath = /bin/sh;
			shellScript = "export PATH=\"$PATH:/opt/homebrew/bin\"\n\nif which swiftlint >/dev/null; then\n  swiftlint Source/\nelse\n  echo \"warning: SwiftLint not installed, download from https://github.com/realm/SwiftLint\"\nfi\n";
		};
/* End PBXShellScriptBuildPhase section */

/* Begin PBXSourcesBuildPhase section */
		861DAE0E27CDD59F00AFE972 /* Sources */ = {
			isa = PBXSourcesBuildPhase;
			buildActionMask = 2147483647;
			files = (
				8612CD6227E1956D00976E8F /* Array Extensions.swift in Sources */,
				861DA48D27E11F8100775276 /* ExportableTireSet.swift in Sources */,
				86500C8927DC0D6E00A5111E /* VehicleDetailsView.swift in Sources */,
				8690C7AA27D9A9180042F543 /* OdometerReading.swift in Sources */,
				8664C24127DA91BB00AE9ADB /* ShopsView.swift in Sources */,
				864C731E27CDFA0A00047165 /* VehicleSpotlightDelegate.swift in Sources */,
				86B189A927EAFF5D001CFBD3 /* Temporary Files.swift in Sources */,
				8683930F27D1450B00D91D96 /* VehicleView.swift in Sources */,
				861DA48727E11DFF00775276 /* ExportContext.swift in Sources */,
				86500C7827DC00DF00A5111E /* OdometerReadingsView.swift in Sources */,
				864C732727D06C6800047165 /* LineItem.swift in Sources */,
				86500C7427DBEDC500A5111E /* TireSetPickerView.swift in Sources */,
				8664C25227DAABE300AE9ADB /* ExportableLineItemField.swift in Sources */,
				861DAE3527CDD59F00AFE972 /* FleetboxApp.swift in Sources */,
				8612CD6B27E1C77D00976E8F /* WithDoneButton.swift in Sources */,
				861DAE3927CDD59F00AFE972 /* Persistence.swift in Sources */,
				8612CD6F27E2DEF200976E8F /* SaveOnLeave.swift in Sources */,
				8612CD6D27E1CF4400976E8F /* UIImage Extensions.swift in Sources */,
				8664C25427DAB14000AE9ADB /* ExportableAttachment.swift in Sources */,
				861DA48F27E1233200775276 /* Date Functions.swift in Sources */,
				86500C9727DC0E5B00A5111E /* OdometerReadingFormView.swift in Sources */,
				8690C7A727D9A6A80042F543 /* LineItemFieldLabelView.swift in Sources */,
				8664C25027DAAB7800AE9ADB /* ExportableLineItem.swift in Sources */,
				86B17F8C27D45EDF001E52C6 /* LineItemTypes.swift in Sources */,
				86500C7027DAD84F00A5111E /* FleetboxTextField.swift in Sources */,
				86638D3827D994B200149689 /* TireSet.swift in Sources */,
				86500C9527DC0E4700A5111E /* PartOdometerFluidFilterView.swift in Sources */,
				86500CA027DC134C00A5111E /* MaintenanceLogView.swift in Sources */,
				8664C24727DA987900AE9ADB /* Custom Bindings.swift in Sources */,
				8664C24A27DAAA2600AE9ADB /* ExportableVehicle.swift in Sources */,
				86500C7227DBED3D00A5111E /* LineItemTypePickerView.swift in Sources */,
				86500C9327DC0E3200A5111E /* PartOdometerIndividualView.swift in Sources */,
				8664C24E27DAAA8200AE9ADB /* ExportableOdometerReading.swift in Sources */,
				861DAE3327CDD59F00AFE972 /* Fleetbox.xcdatamodeld in Sources */,
				86B189A727EAFEBE001CFBD3 /* QuickViewController.swift in Sources */,
				86500C8F27DC0DE900A5111E /* PartOdometer.swift in Sources */,
				86D2DA6E27D080AF0083254E /* VINDecoder.swift in Sources */,
				861E4D9C27DC13D00072B6DD /* LineItemTypeLabelView.swift in Sources */,
				8652AA7727DAB5F300D8D56D /* Dummy Data.swift in Sources */,
				86B17F9E27D48D14001E52C6 /* LogItemView.swift in Sources */,
				86500C9C27DC111800A5111E /* TireDetailView.swift in Sources */,
				861BA8FF27D8546800DD729A /* LineItemView.swift in Sources */,
				864C731B27CDF54E00047165 /* Vehicle.swift in Sources */,
				8664C24527DA91E100AE9ADB /* PreviewWrapper.swift in Sources */,
				865D028527D9F1B3006C815D /* Error Handling.swift in Sources */,
				86638D2627D9721500149689 /* LineItemLabelView.swift in Sources */,
				8612CD6627E1A58300976E8F /* VehicleImageView.swift in Sources */,
				864C732127D06A7F00047165 /* LogItem.swift in Sources */,
				86500C8B27DC0D8600A5111E /* VINDetailView.swift in Sources */,
				861DA48927E11E3600775276 /* ExportableShop.swift in Sources */,
				8664C24327DA91C200AE9ADB /* ShopView.swift in Sources */,
				86D2DA6827D07E5A0083254E /* VINDecoderResult.swift in Sources */,
				86500C9127DC0DFE00A5111E /* PartOdometerRowView.swift in Sources */,
				8664C24C27DAAA7900AE9ADB /* ExportableLogItem.swift in Sources */,
				86D2DA6B27D07F260083254E /* VINDecoderResponse.swift in Sources */,
				8664C23F27DA907A00AE9ADB /* TireSetsView.swift in Sources */,
				86B17F9527D47270001E52C6 /* LineItemField.swift in Sources */,
				8690C7A427D9A18E0042F543 /* EditLineItemFieldView.swift in Sources */,
				8664C23D27DA906A00AE9ADB /* TireSetView.swift in Sources */,
				86EB569B27E171A0007FA2DD /* AboutView.swift in Sources */,
				86500C7627DBF22D00A5111E /* ShopPickerView.swift in Sources */,
				86B189AD27EB0109001CFBD3 /* AttachmentView.swift in Sources */,
				861DAE3727CDD59F00AFE972 /* VehiclesView.swift in Sources */,
				86500C9E27DC125200A5111E /* EditTireSetLineItemFieldView.swift in Sources */,
				861DA48B27E11E3E00775276 /* ExportableExportContext.swift in Sources */,
				8690C7AD27D9AA260042F543 /* OdometerReadingView.swift in Sources */,
				864C732427D06B8C00047165 /* Shop.swift in Sources */,
				86500C8D27DC0DBC00A5111E /* PartOdometersView.swift in Sources */,
				86638D2327D970F400149689 /* LogItemLabelView.swift in Sources */,
			);
			runOnlyForDeploymentPostprocessing = 0;
		};
		865D028927D9F9A2006C815D /* Sources */ = {
			isa = PBXSourcesBuildPhase;
			buildActionMask = 2147483647;
			files = (
				865D029227D9F9A2006C815D /* UILaunchTests.swift in Sources */,
				865D029027D9F9A2006C815D /* BaseUITests.swift in Sources */,
			);
			runOnlyForDeploymentPostprocessing = 0;
		};
		8690C7E327D9EBD90042F543 /* Sources */ = {
			isa = PBXSourcesBuildPhase;
			buildActionMask = 2147483647;
			files = (
				8690C7F027D9EBE90042F543 /* VehicleTest.swift in Sources */,
				8690C7F227D9EBE90042F543 /* TestEnvironment.swift in Sources */,
				8690C7F127D9EBE90042F543 /* LineItemTypeTest.swift in Sources */,
			);
			runOnlyForDeploymentPostprocessing = 0;
		};
/* End PBXSourcesBuildPhase section */

/* Begin PBXTargetDependency section */
		865D029427D9F9A2006C815D /* PBXTargetDependency */ = {
			isa = PBXTargetDependency;
			target = 861DAE1127CDD59F00AFE972 /* Fleetbox */;
			targetProxy = 865D029327D9F9A2006C815D /* PBXContainerItemProxy */;
		};
		8690C7EC27D9EBD90042F543 /* PBXTargetDependency */ = {
			isa = PBXTargetDependency;
			target = 861DAE1127CDD59F00AFE972 /* Fleetbox */;
			targetProxy = 8690C7EB27D9EBD90042F543 /* PBXContainerItemProxy */;
		};
/* End PBXTargetDependency section */

/* Begin XCBuildConfiguration section */
		861DAE3D27CDD59F00AFE972 /* Debug */ = {
			isa = XCBuildConfiguration;
			buildSettings = {
				ALWAYS_SEARCH_USER_PATHS = NO;
				CLANG_ANALYZER_NONNULL = YES;
				CLANG_ANALYZER_NUMBER_OBJECT_CONVERSION = YES_AGGRESSIVE;
				CLANG_CXX_LANGUAGE_STANDARD = "gnu++17";
				CLANG_CXX_LIBRARY = "libc++";
				CLANG_ENABLE_MODULES = YES;
				CLANG_ENABLE_OBJC_ARC = YES;
				CLANG_ENABLE_OBJC_WEAK = YES;
				CLANG_WARN_BLOCK_CAPTURE_AUTORELEASING = YES;
				CLANG_WARN_BOOL_CONVERSION = YES;
				CLANG_WARN_COMMA = YES;
				CLANG_WARN_CONSTANT_CONVERSION = YES;
				CLANG_WARN_DEPRECATED_OBJC_IMPLEMENTATIONS = YES;
				CLANG_WARN_DIRECT_OBJC_ISA_USAGE = YES_ERROR;
				CLANG_WARN_DOCUMENTATION_COMMENTS = YES;
				CLANG_WARN_EMPTY_BODY = YES;
				CLANG_WARN_ENUM_CONVERSION = YES;
				CLANG_WARN_INFINITE_RECURSION = YES;
				CLANG_WARN_INT_CONVERSION = YES;
				CLANG_WARN_NON_LITERAL_NULL_CONVERSION = YES;
				CLANG_WARN_OBJC_IMPLICIT_RETAIN_SELF = YES;
				CLANG_WARN_OBJC_LITERAL_CONVERSION = YES;
				CLANG_WARN_OBJC_ROOT_CLASS = YES_ERROR;
				CLANG_WARN_QUOTED_INCLUDE_IN_FRAMEWORK_HEADER = YES;
				CLANG_WARN_RANGE_LOOP_ANALYSIS = YES;
				CLANG_WARN_STRICT_PROTOTYPES = YES;
				CLANG_WARN_SUSPICIOUS_MOVE = YES;
				CLANG_WARN_UNGUARDED_AVAILABILITY = YES_AGGRESSIVE;
				CLANG_WARN_UNREACHABLE_CODE = YES;
				CLANG_WARN__DUPLICATE_METHOD_MATCH = YES;
				COPY_PHASE_STRIP = NO;
				DEBUG_INFORMATION_FORMAT = dwarf;
				ENABLE_STRICT_OBJC_MSGSEND = YES;
				ENABLE_TESTABILITY = YES;
				GCC_C_LANGUAGE_STANDARD = gnu11;
				GCC_DYNAMIC_NO_PIC = NO;
				GCC_NO_COMMON_BLOCKS = YES;
				GCC_OPTIMIZATION_LEVEL = 0;
				GCC_PREPROCESSOR_DEFINITIONS = (
					"DEBUG=1",
					"$(inherited)",
				);
				GCC_WARN_64_TO_32_BIT_CONVERSION = YES;
				GCC_WARN_ABOUT_RETURN_TYPE = YES_ERROR;
				GCC_WARN_UNDECLARED_SELECTOR = YES;
				GCC_WARN_UNINITIALIZED_AUTOS = YES_AGGRESSIVE;
				GCC_WARN_UNUSED_FUNCTION = YES;
				GCC_WARN_UNUSED_VARIABLE = YES;
				MTL_ENABLE_DEBUG_INFO = INCLUDE_SOURCE;
				MTL_FAST_MATH = YES;
				ONLY_ACTIVE_ARCH = YES;
				SWIFT_ACTIVE_COMPILATION_CONDITIONS = DEBUG;
				SWIFT_OPTIMIZATION_LEVEL = "-Onone";
			};
			name = Debug;
		};
		861DAE3E27CDD59F00AFE972 /* Release */ = {
			isa = XCBuildConfiguration;
			buildSettings = {
				ALWAYS_SEARCH_USER_PATHS = NO;
				CLANG_ANALYZER_NONNULL = YES;
				CLANG_ANALYZER_NUMBER_OBJECT_CONVERSION = YES_AGGRESSIVE;
				CLANG_CXX_LANGUAGE_STANDARD = "gnu++17";
				CLANG_CXX_LIBRARY = "libc++";
				CLANG_ENABLE_MODULES = YES;
				CLANG_ENABLE_OBJC_ARC = YES;
				CLANG_ENABLE_OBJC_WEAK = YES;
				CLANG_WARN_BLOCK_CAPTURE_AUTORELEASING = YES;
				CLANG_WARN_BOOL_CONVERSION = YES;
				CLANG_WARN_COMMA = YES;
				CLANG_WARN_CONSTANT_CONVERSION = YES;
				CLANG_WARN_DEPRECATED_OBJC_IMPLEMENTATIONS = YES;
				CLANG_WARN_DIRECT_OBJC_ISA_USAGE = YES_ERROR;
				CLANG_WARN_DOCUMENTATION_COMMENTS = YES;
				CLANG_WARN_EMPTY_BODY = YES;
				CLANG_WARN_ENUM_CONVERSION = YES;
				CLANG_WARN_INFINITE_RECURSION = YES;
				CLANG_WARN_INT_CONVERSION = YES;
				CLANG_WARN_NON_LITERAL_NULL_CONVERSION = YES;
				CLANG_WARN_OBJC_IMPLICIT_RETAIN_SELF = YES;
				CLANG_WARN_OBJC_LITERAL_CONVERSION = YES;
				CLANG_WARN_OBJC_ROOT_CLASS = YES_ERROR;
				CLANG_WARN_QUOTED_INCLUDE_IN_FRAMEWORK_HEADER = YES;
				CLANG_WARN_RANGE_LOOP_ANALYSIS = YES;
				CLANG_WARN_STRICT_PROTOTYPES = YES;
				CLANG_WARN_SUSPICIOUS_MOVE = YES;
				CLANG_WARN_UNGUARDED_AVAILABILITY = YES_AGGRESSIVE;
				CLANG_WARN_UNREACHABLE_CODE = YES;
				CLANG_WARN__DUPLICATE_METHOD_MATCH = YES;
				COPY_PHASE_STRIP = NO;
				DEBUG_INFORMATION_FORMAT = "dwarf-with-dsym";
				ENABLE_NS_ASSERTIONS = NO;
				ENABLE_STRICT_OBJC_MSGSEND = YES;
				GCC_C_LANGUAGE_STANDARD = gnu11;
				GCC_NO_COMMON_BLOCKS = YES;
				GCC_WARN_64_TO_32_BIT_CONVERSION = YES;
				GCC_WARN_ABOUT_RETURN_TYPE = YES_ERROR;
				GCC_WARN_UNDECLARED_SELECTOR = YES;
				GCC_WARN_UNINITIALIZED_AUTOS = YES_AGGRESSIVE;
				GCC_WARN_UNUSED_FUNCTION = YES;
				GCC_WARN_UNUSED_VARIABLE = YES;
				MTL_ENABLE_DEBUG_INFO = NO;
				MTL_FAST_MATH = YES;
				SWIFT_COMPILATION_MODE = wholemodule;
				SWIFT_OPTIMIZATION_LEVEL = "-O";
			};
			name = Release;
		};
		861DAE4027CDD59F00AFE972 /* Debug */ = {
			isa = XCBuildConfiguration;
			buildSettings = {
				ASSETCATALOG_COMPILER_APPICON_NAME = "AppIcon-Debug";
				ASSETCATALOG_COMPILER_GLOBAL_ACCENT_COLOR_NAME = "AccentColor-Debug";
				CLANG_CXX_LANGUAGE_STANDARD = "gnu++20";
				CODE_SIGN_ENTITLEMENTS = Source/Fleetbox.entitlements;
				CODE_SIGN_STYLE = Automatic;
				CURRENT_PROJECT_VERSION = 1;
				DEVELOPMENT_TEAM = 79A4SD8C3M;
				ENABLE_PREVIEWS = YES;
				GENERATE_INFOPLIST_FILE = YES;
				INFOPLIST_FILE = "Source/Fleetbox-Info.plist";
				INFOPLIST_KEY_LSApplicationCategoryType = "public.app-category.productivity";
				INFOPLIST_KEY_UIApplicationSceneManifest_Generation = YES;
				INFOPLIST_KEY_UIApplicationSupportsIndirectInputEvents = YES;
				INFOPLIST_KEY_UILaunchScreen_Generation = YES;
				INFOPLIST_KEY_UISupportedInterfaceOrientations_iPad = "UIInterfaceOrientationPortrait UIInterfaceOrientationPortraitUpsideDown UIInterfaceOrientationLandscapeLeft UIInterfaceOrientationLandscapeRight";
				INFOPLIST_KEY_UISupportedInterfaceOrientations_iPhone = "UIInterfaceOrientationPortrait UIInterfaceOrientationLandscapeLeft UIInterfaceOrientationLandscapeRight";
				IPHONEOS_DEPLOYMENT_TARGET = 15.2;
				LD_RUNPATH_SEARCH_PATHS = (
					"$(inherited)",
					"@executable_path/Frameworks",
				);
				MARKETING_VERSION = 1.0;
				PRODUCT_BUNDLE_IDENTIFIER = engineering.lutris.fleetbox.ios.debug;
				PRODUCT_MODULE_NAME = Fleetbox;
				PRODUCT_NAME = "Fleetbox Debug";
				SDKROOT = iphoneos;
				SUPPORTS_MACCATALYST = YES;
				SUPPORTS_MAC_DESIGNED_FOR_IPHONE_IPAD = YES;
				SWIFT_EMIT_LOC_STRINGS = YES;
				SWIFT_VERSION = 5.0;
				TARGETED_DEVICE_FAMILY = "1,2";
			};
			name = Debug;
		};
		861DAE4127CDD59F00AFE972 /* Release */ = {
			isa = XCBuildConfiguration;
			buildSettings = {
				ASSETCATALOG_COMPILER_APPICON_NAME = AppIcon;
				ASSETCATALOG_COMPILER_GLOBAL_ACCENT_COLOR_NAME = AccentColor;
				CLANG_CXX_LANGUAGE_STANDARD = "gnu++20";
				CODE_SIGN_ENTITLEMENTS = Source/Fleetbox.entitlements;
				CODE_SIGN_STYLE = Automatic;
				CURRENT_PROJECT_VERSION = 1;
				DEVELOPMENT_TEAM = 79A4SD8C3M;
				ENABLE_PREVIEWS = YES;
				GCC_UNROLL_LOOPS = YES;
				GENERATE_INFOPLIST_FILE = YES;
				INFOPLIST_FILE = "Source/Fleetbox-Info.plist";
				INFOPLIST_KEY_LSApplicationCategoryType = "public.app-category.productivity";
				INFOPLIST_KEY_UIApplicationSceneManifest_Generation = YES;
				INFOPLIST_KEY_UIApplicationSupportsIndirectInputEvents = YES;
				INFOPLIST_KEY_UILaunchScreen_Generation = YES;
				INFOPLIST_KEY_UISupportedInterfaceOrientations_iPad = "UIInterfaceOrientationPortrait UIInterfaceOrientationPortraitUpsideDown UIInterfaceOrientationLandscapeLeft UIInterfaceOrientationLandscapeRight";
				INFOPLIST_KEY_UISupportedInterfaceOrientations_iPhone = "UIInterfaceOrientationPortrait UIInterfaceOrientationLandscapeLeft UIInterfaceOrientationLandscapeRight";
				IPHONEOS_DEPLOYMENT_TARGET = 15.2;
				LD_RUNPATH_SEARCH_PATHS = (
					"$(inherited)",
					"@executable_path/Frameworks",
				);
				LLVM_LTO = YES;
				MARKETING_VERSION = 1.0;
				PRODUCT_BUNDLE_IDENTIFIER = engineering.lutris.fleetbox.ios;
				PRODUCT_NAME = Fleetbox;
				SDKROOT = iphoneos;
				SUPPORTS_MACCATALYST = YES;
				SUPPORTS_MAC_DESIGNED_FOR_IPHONE_IPAD = YES;
				SWIFT_EMIT_LOC_STRINGS = YES;
				SWIFT_OPTIMIZE_OBJECT_LIFETIME = YES;
				SWIFT_VERSION = 5.0;
				TARGETED_DEVICE_FAMILY = "1,2";
				VALIDATE_PRODUCT = YES;
			};
			name = Release;
		};
		865D029627D9F9A2006C815D /* Debug */ = {
			isa = XCBuildConfiguration;
			buildSettings = {
				CODE_SIGN_STYLE = Automatic;
				CURRENT_PROJECT_VERSION = 1;
				DEVELOPMENT_TEAM = 79A4SD8C3M;
				GENERATE_INFOPLIST_FILE = YES;
				IPHONEOS_DEPLOYMENT_TARGET = 15.2;
				MARKETING_VERSION = 1.0;
				PRODUCT_BUNDLE_IDENTIFIER = engineering.lutris.fleetbox.tests.ui;
				PRODUCT_NAME = "$(TARGET_NAME)";
				SDKROOT = iphoneos;
				SWIFT_EMIT_LOC_STRINGS = NO;
				SWIFT_VERSION = 5.0;
				TARGETED_DEVICE_FAMILY = "1,2";
				TEST_TARGET_NAME = Fleetbox;
			};
			name = Debug;
		};
		865D029727D9F9A2006C815D /* Release */ = {
			isa = XCBuildConfiguration;
			buildSettings = {
				CODE_SIGN_STYLE = Automatic;
				CURRENT_PROJECT_VERSION = 1;
				DEVELOPMENT_TEAM = 79A4SD8C3M;
				GENERATE_INFOPLIST_FILE = YES;
				IPHONEOS_DEPLOYMENT_TARGET = 15.2;
				MARKETING_VERSION = 1.0;
				PRODUCT_BUNDLE_IDENTIFIER = engineering.lutris.fleetbox.tests.ui;
				PRODUCT_NAME = "$(TARGET_NAME)";
				SDKROOT = iphoneos;
				SWIFT_EMIT_LOC_STRINGS = NO;
				SWIFT_VERSION = 5.0;
				TARGETED_DEVICE_FAMILY = "1,2";
				TEST_TARGET_NAME = Fleetbox;
				VALIDATE_PRODUCT = YES;
			};
			name = Release;
		};
		8690C7EE27D9EBD90042F543 /* Debug */ = {
			isa = XCBuildConfiguration;
			buildSettings = {
				BUNDLE_LOADER = "$(TEST_HOST)";
				CODE_SIGN_STYLE = Automatic;
				CURRENT_PROJECT_VERSION = 1;
				DEVELOPMENT_TEAM = 79A4SD8C3M;
				GENERATE_INFOPLIST_FILE = YES;
				IPHONEOS_DEPLOYMENT_TARGET = 15.2;
				MARKETING_VERSION = 1.0;
				PRODUCT_BUNDLE_IDENTIFIER = engineering.lutris.fleetbox.tests.unit;
				PRODUCT_NAME = "$(TARGET_NAME)";
				SDKROOT = iphoneos;
				SWIFT_EMIT_LOC_STRINGS = NO;
				SWIFT_VERSION = 5.0;
				TARGETED_DEVICE_FAMILY = "1,2";
				TEST_HOST = "$(BUILT_PRODUCTS_DIR)/Fleetbox Debug.app/Fleetbox Debug";
			};
			name = Debug;
		};
		8690C7EF27D9EBD90042F543 /* Release */ = {
			isa = XCBuildConfiguration;
			buildSettings = {
				BUNDLE_LOADER = "$(TEST_HOST)";
				CODE_SIGN_STYLE = Automatic;
				CURRENT_PROJECT_VERSION = 1;
				DEVELOPMENT_TEAM = 79A4SD8C3M;
				GENERATE_INFOPLIST_FILE = YES;
				IPHONEOS_DEPLOYMENT_TARGET = 15.2;
				MARKETING_VERSION = 1.0;
				PRODUCT_BUNDLE_IDENTIFIER = engineering.lutris.fleetbox.tests.unit;
				PRODUCT_NAME = "$(TARGET_NAME)";
				SDKROOT = iphoneos;
				SWIFT_EMIT_LOC_STRINGS = NO;
				SWIFT_VERSION = 5.0;
				TARGETED_DEVICE_FAMILY = "1,2";
				TEST_HOST = "$(BUILT_PRODUCTS_DIR)/Fleetbox Debug.app/Fleetbox Debug";
				VALIDATE_PRODUCT = YES;
			};
			name = Release;
		};
/* End XCBuildConfiguration section */

/* Begin XCConfigurationList section */
		861DAE0627CDD59D00AFE972 /* Build configuration list for PBXProject "Fleetbox" */ = {
			isa = XCConfigurationList;
			buildConfigurations = (
				861DAE3D27CDD59F00AFE972 /* Debug */,
				861DAE3E27CDD59F00AFE972 /* Release */,
			);
			defaultConfigurationIsVisible = 0;
			defaultConfigurationName = Release;
		};
		861DAE3F27CDD59F00AFE972 /* Build configuration list for PBXNativeTarget "Fleetbox" */ = {
			isa = XCConfigurationList;
			buildConfigurations = (
				861DAE4027CDD59F00AFE972 /* Debug */,
				861DAE4127CDD59F00AFE972 /* Release */,
			);
			defaultConfigurationIsVisible = 0;
			defaultConfigurationName = Release;
		};
		865D029527D9F9A2006C815D /* Build configuration list for PBXNativeTarget "Fleetbox UI Tests" */ = {
			isa = XCConfigurationList;
			buildConfigurations = (
				865D029627D9F9A2006C815D /* Debug */,
				865D029727D9F9A2006C815D /* Release */,
			);
			defaultConfigurationIsVisible = 0;
			defaultConfigurationName = Release;
		};
		8690C7ED27D9EBD90042F543 /* Build configuration list for PBXNativeTarget "Fleetbox Unit Tests" */ = {
			isa = XCConfigurationList;
			buildConfigurations = (
				8690C7EE27D9EBD90042F543 /* Debug */,
				8690C7EF27D9EBD90042F543 /* Release */,
			);
			defaultConfigurationIsVisible = 0;
			defaultConfigurationName = Release;
		};
/* End XCConfigurationList section */

/* Begin XCRemoteSwiftPackageReference section */
		8612CD6727E1A68B00976E8F /* XCRemoteSwiftPackageReference "ImagePickerView" */ = {
			isa = XCRemoteSwiftPackageReference;
			repositoryURL = "https://github.com/ralfebert/ImagePickerView";
			requirement = {
				kind = upToNextMajorVersion;
				minimumVersion = 0.5.0;
			};
		};
		861DAE4C27CDDAD700AFE972 /* XCRemoteSwiftPackageReference "sentry-cocoa" */ = {
			isa = XCRemoteSwiftPackageReference;
			repositoryURL = "https://github.com/getsentry/sentry-cocoa.git";
			requirement = {
				kind = upToNextMajorVersion;
				minimumVersion = 7.0.0;
			};
		};
		86B189A327EAFD0F001CFBD3 /* XCRemoteSwiftPackageReference "FilePicker" */ = {
			isa = XCRemoteSwiftPackageReference;
			repositoryURL = "https://github.com/markrenaud/FilePicker";
			requirement = {
				kind = upToNextMajorVersion;
				minimumVersion = 1.0.0;
			};
		};
		86D2DA7027D081490083254E /* XCRemoteSwiftPackageReference "Alamofire" */ = {
			isa = XCRemoteSwiftPackageReference;
			repositoryURL = "https://github.com/Alamofire/Alamofire.git";
			requirement = {
				kind = upToNextMajorVersion;
				minimumVersion = 5.0.0;
			};
		};
/* End XCRemoteSwiftPackageReference section */

/* Begin XCSwiftPackageProductDependency section */
		8612CD6827E1A68B00976E8F /* ImagePickerView */ = {
			isa = XCSwiftPackageProductDependency;
			package = 8612CD6727E1A68B00976E8F /* XCRemoteSwiftPackageReference "ImagePickerView" */;
			productName = ImagePickerView;
		};
		861DAE4D27CDDAD700AFE972 /* Sentry */ = {
			isa = XCSwiftPackageProductDependency;
			package = 861DAE4C27CDDAD700AFE972 /* XCRemoteSwiftPackageReference "sentry-cocoa" */;
			productName = Sentry;
		};
		86B189A427EAFD0F001CFBD3 /* FilePicker */ = {
			isa = XCSwiftPackageProductDependency;
			package = 86B189A327EAFD0F001CFBD3 /* XCRemoteSwiftPackageReference "FilePicker" */;
			productName = FilePicker;
		};
		86D2DA7127D081490083254E /* Alamofire */ = {
			isa = XCSwiftPackageProductDependency;
			package = 86D2DA7027D081490083254E /* XCRemoteSwiftPackageReference "Alamofire" */;
			productName = Alamofire;
		};
/* End XCSwiftPackageProductDependency section */

/* Begin XCVersionGroup section */
		861DAE0827CDD59D00AFE972 /* Fleetbox.xcdatamodeld */ = {
			isa = XCVersionGroup;
			children = (
				861DAE0927CDD59D00AFE972 /* Shared.xcdatamodel */,
			);
			currentVersion = 861DAE0927CDD59D00AFE972 /* Shared.xcdatamodel */;
			path = Fleetbox.xcdatamodeld;
			sourceTree = "<group>";
			versionGroupType = wrapper.xcdatamodel;
		};
/* End XCVersionGroup section */
	};
	rootObject = 861DAE0327CDD59D00AFE972 /* Project object */;
}
