{
  "object": {
    "pins": [
      {
        "package": "Sentry",
        "repositoryURL": "https://github.com/getsentry/sentry-cocoa.git",
        "state": {
          "branch": null,
          "revision": "967f04b3cd6989df3f9ced3060481a21646c146d",
          "version": "7.9.0"
        }
      },
      {
        "package": "Sparkle",
        "repositoryURL": "https://github.com/sparkle-project/Sparkle",
        "state": {
          "branch": null,
          "revision": "286edd1fa22505a9e54d170e9fd07d775ea233f2",
          "version": "2.1.0"
        }
      }
    ]
  },
  "version": 1
}
